// !$*UTF8*$!
{
	archiveVersion = 1;
	classes = {
	};
	objectVersion = 56;
	objects = {

/* Begin PBXBuildFile section */
		072701692A477DE4000D512A /* ContentView.swift in Sources */ = {isa = PBXBuildFile; fileRef = 072701682A477DE4000D512A /* ContentView.swift */; };
		07EBE9382A43CD0900048626 /* RealityKitContent in Frameworks */ = {isa = PBXBuildFile; productRef = 07EBE9372A43CD0900048626 /* RealityKitContent */; };
		07EBE93A2A43CD0900048626 /* streamingVisionApp.swift in Sources */ = {isa = PBXBuildFile; fileRef = 07EBE9392A43CD0900048626 /* streamingVisionApp.swift */; };
		07EBE9402A43CD0B00048626 /* Assets.xcassets in Resources */ = {isa = PBXBuildFile; fileRef = 07EBE93F2A43CD0B00048626 /* Assets.xcassets */; };
		07EBE9432A43CD0B00048626 /* Preview Assets.xcassets in Resources */ = {isa = PBXBuildFile; fileRef = 07EBE9422A43CD0B00048626 /* Preview Assets.xcassets */; };
		07EBE94E2A43CD0C00048626 /* streamingVisionTests.swift in Sources */ = {isa = PBXBuildFile; fileRef = 07EBE94D2A43CD0C00048626 /* streamingVisionTests.swift */; };
		07EBE95A2A43CDC400048626 /* SquareView.swift in Sources */ = {isa = PBXBuildFile; fileRef = 07EBE9582A43CDC300048626 /* SquareView.swift */; };
		07EBE95D2A43CE5000048626 /* MultiPlayerApp.swift in Sources */ = {isa = PBXBuildFile; fileRef = 07EBE95B2A43CE5000048626 /* MultiPlayerApp.swift */; };
		07EBE95E2A43CE5000048626 /* PlayerView.swift in Sources */ = {isa = PBXBuildFile; fileRef = 07EBE95C2A43CE5000048626 /* PlayerView.swift */; };
		07EBE9612A43CE5900048626 /* PlayableItem.swift in Sources */ = {isa = PBXBuildFile; fileRef = 07EBE95F2A43CE5900048626 /* PlayableItem.swift */; };
		07EBE9622A43CE5900048626 /* ContentViewModel.swift in Sources */ = {isa = PBXBuildFile; fileRef = 07EBE9602A43CE5900048626 /* ContentViewModel.swift */; };
/* End PBXBuildFile section */

/* Begin PBXContainerItemProxy section */
		07EBE94A2A43CD0C00048626 /* PBXContainerItemProxy */ = {
			isa = PBXContainerItemProxy;
			containerPortal = 07EBE92A2A43CD0900048626 /* Project object */;
			proxyType = 1;
			remoteGlobalIDString = 07EBE9312A43CD0900048626;
			remoteInfo = streamingVision;
		};
/* End PBXContainerItemProxy section */

/* Begin PBXFileReference section */
		072701682A477DE4000D512A /* ContentView.swift */ = {isa = PBXFileReference; fileEncoding = 4; lastKnownFileType = sourcecode.swift; path = ContentView.swift; sourceTree = "<group>"; };
		07EBE9322A43CD0900048626 /* streamingVision.app */ = {isa = PBXFileReference; explicitFileType = wrapper.application; includeInIndex = 0; path = streamingVision.app; sourceTree = BUILT_PRODUCTS_DIR; };
		07EBE9362A43CD0900048626 /* RealityKitContent */ = {isa = PBXFileReference; lastKnownFileType = wrapper; path = RealityKitContent; sourceTree = "<group>"; };
		07EBE9392A43CD0900048626 /* streamingVisionApp.swift */ = {isa = PBXFileReference; lastKnownFileType = sourcecode.swift; path = streamingVisionApp.swift; sourceTree = "<group>"; };
		07EBE93F2A43CD0B00048626 /* Assets.xcassets */ = {isa = PBXFileReference; lastKnownFileType = folder.assetcatalog; path = Assets.xcassets; sourceTree = "<group>"; };
		07EBE9422A43CD0B00048626 /* Preview Assets.xcassets */ = {isa = PBXFileReference; lastKnownFileType = folder.assetcatalog; path = "Preview Assets.xcassets"; sourceTree = "<group>"; };
		07EBE9442A43CD0B00048626 /* Info.plist */ = {isa = PBXFileReference; lastKnownFileType = text.plist.xml; path = Info.plist; sourceTree = "<group>"; };
		07EBE9492A43CD0C00048626 /* streamingVisionTests.xctest */ = {isa = PBXFileReference; explicitFileType = wrapper.cfbundle; includeInIndex = 0; path = streamingVisionTests.xctest; sourceTree = BUILT_PRODUCTS_DIR; };
		07EBE94D2A43CD0C00048626 /* streamingVisionTests.swift */ = {isa = PBXFileReference; lastKnownFileType = sourcecode.swift; path = streamingVisionTests.swift; sourceTree = "<group>"; };
		07EBE9582A43CDC300048626 /* SquareView.swift */ = {isa = PBXFileReference; fileEncoding = 4; lastKnownFileType = sourcecode.swift; path = SquareView.swift; sourceTree = "<group>"; };
		07EBE95B2A43CE5000048626 /* MultiPlayerApp.swift */ = {isa = PBXFileReference; fileEncoding = 4; lastKnownFileType = sourcecode.swift; path = MultiPlayerApp.swift; sourceTree = "<group>"; };
		07EBE95C2A43CE5000048626 /* PlayerView.swift */ = {isa = PBXFileReference; fileEncoding = 4; lastKnownFileType = sourcecode.swift; path = PlayerView.swift; sourceTree = "<group>"; };
		07EBE95F2A43CE5900048626 /* PlayableItem.swift */ = {isa = PBXFileReference; fileEncoding = 4; lastKnownFileType = sourcecode.swift; path = PlayableItem.swift; sourceTree = "<group>"; };
		07EBE9602A43CE5900048626 /* ContentViewModel.swift */ = {isa = PBXFileReference; fileEncoding = 4; lastKnownFileType = sourcecode.swift; path = ContentViewModel.swift; sourceTree = "<group>"; };
/* End PBXFileReference section */

/* Begin PBXFrameworksBuildPhase section */
		07EBE92F2A43CD0900048626 /* Frameworks */ = {
			isa = PBXFrameworksBuildPhase;
			buildActionMask = 2147483647;
			files = (
				07EBE9382A43CD0900048626 /* RealityKitContent in Frameworks */,
			);
			runOnlyForDeploymentPostprocessing = 0;
		};
		07EBE9462A43CD0C00048626 /* Frameworks */ = {
			isa = PBXFrameworksBuildPhase;
			buildActionMask = 2147483647;
			files = (
			);
			runOnlyForDeploymentPostprocessing = 0;
		};
/* End PBXFrameworksBuildPhase section */

/* Begin PBXGroup section */
		07EBE9292A43CD0900048626 = {
			isa = PBXGroup;
			children = (
				07EBE9342A43CD0900048626 /* streamingVision */,
				07EBE9352A43CD0900048626 /* Packages */,
				07EBE94C2A43CD0C00048626 /* streamingVisionTests */,
				07EBE9332A43CD0900048626 /* Products */,
			);
			sourceTree = "<group>";
		};
		07EBE9332A43CD0900048626 /* Products */ = {
			isa = PBXGroup;
			children = (
				07EBE9322A43CD0900048626 /* streamingVision.app */,
				07EBE9492A43CD0C00048626 /* streamingVisionTests.xctest */,
			);
			name = Products;
			sourceTree = "<group>";
		};
		07EBE9342A43CD0900048626 /* streamingVision */ = {
			isa = PBXGroup;
			children = (
				07EBE9392A43CD0900048626 /* streamingVisionApp.swift */,
				072701682A477DE4000D512A /* ContentView.swift */,
				07EBE9602A43CE5900048626 /* ContentViewModel.swift */,
				07EBE95B2A43CE5000048626 /* MultiPlayerApp.swift */,
				07EBE95F2A43CE5900048626 /* PlayableItem.swift */,
				07EBE95C2A43CE5000048626 /* PlayerView.swift */,
				07EBE9582A43CDC300048626 /* SquareView.swift */,
				07EBE93F2A43CD0B00048626 /* Assets.xcassets */,
				07EBE9442A43CD0B00048626 /* Info.plist */,
				07EBE9412A43CD0B00048626 /* Preview Content */,
			);
			path = streamingVision;
			sourceTree = "<group>";
		};
		07EBE9352A43CD0900048626 /* Packages */ = {
			isa = PBXGroup;
			children = (
				07EBE9362A43CD0900048626 /* RealityKitContent */,
			);
			path = Packages;
			sourceTree = "<group>";
		};
		07EBE9412A43CD0B00048626 /* Preview Content */ = {
			isa = PBXGroup;
			children = (
				07EBE9422A43CD0B00048626 /* Preview Assets.xcassets */,
			);
			path = "Preview Content";
			sourceTree = "<group>";
		};
		07EBE94C2A43CD0C00048626 /* streamingVisionTests */ = {
			isa = PBXGroup;
			children = (
				07EBE94D2A43CD0C00048626 /* streamingVisionTests.swift */,
			);
			path = streamingVisionTests;
			sourceTree = "<group>";
		};
/* End PBXGroup section */

/* Begin PBXNativeTarget section */
		07EBE9312A43CD0900048626 /* streamingVision */ = {
			isa = PBXNativeTarget;
			buildConfigurationList = 07EBE9512A43CD0C00048626 /* Build configuration list for PBXNativeTarget "streamingVision" */;
			buildPhases = (
				07EBE92E2A43CD0900048626 /* Sources */,
				07EBE92F2A43CD0900048626 /* Frameworks */,
				07EBE9302A43CD0900048626 /* Resources */,
			);
			buildRules = (
			);
			dependencies = (
			);
			name = streamingVision;
			packageProductDependencies = (
				07EBE9372A43CD0900048626 /* RealityKitContent */,
			);
			productName = streamingVision;
			productReference = 07EBE9322A43CD0900048626 /* streamingVision.app */;
			productType = "com.apple.product-type.application";
		};
		07EBE9482A43CD0C00048626 /* streamingVisionTests */ = {
			isa = PBXNativeTarget;
			buildConfigurationList = 07EBE9542A43CD0C00048626 /* Build configuration list for PBXNativeTarget "streamingVisionTests" */;
			buildPhases = (
				07EBE9452A43CD0C00048626 /* Sources */,
				07EBE9462A43CD0C00048626 /* Frameworks */,
				07EBE9472A43CD0C00048626 /* Resources */,
			);
			buildRules = (
			);
			dependencies = (
				07EBE94B2A43CD0C00048626 /* PBXTargetDependency */,
			);
			name = streamingVisionTests;
			productName = streamingVisionTests;
			productReference = 07EBE9492A43CD0C00048626 /* streamingVisionTests.xctest */;
			productType = "com.apple.product-type.bundle.unit-test";
		};
/* End PBXNativeTarget section */

/* Begin PBXProject section */
		07EBE92A2A43CD0900048626 /* Project object */ = {
			isa = PBXProject;
			attributes = {
				BuildIndependentTargetsInParallel = 1;
				LastSwiftUpdateCheck = 1500;
				LastUpgradeCheck = 1500;
				TargetAttributes = {
					07EBE9312A43CD0900048626 = {
						CreatedOnToolsVersion = 15.0;
					};
					07EBE9482A43CD0C00048626 = {
						CreatedOnToolsVersion = 15.0;
						TestTargetID = 07EBE9312A43CD0900048626;
					};
				};
			};
			buildConfigurationList = 07EBE92D2A43CD0900048626 /* Build configuration list for PBXProject "streamingVision" */;
			compatibilityVersion = "Xcode 14.0";
			developmentRegion = en;
			hasScannedForEncodings = 0;
			knownRegions = (
				en,
				Base,
			);
			mainGroup = 07EBE9292A43CD0900048626;
			productRefGroup = 07EBE9332A43CD0900048626 /* Products */;
			projectDirPath = "";
			projectRoot = "";
			targets = (
				07EBE9312A43CD0900048626 /* streamingVision */,
				07EBE9482A43CD0C00048626 /* streamingVisionTests */,
			);
		};
/* End PBXProject section */

/* Begin PBXResourcesBuildPhase section */
		07EBE9302A43CD0900048626 /* Resources */ = {
			isa = PBXResourcesBuildPhase;
			buildActionMask = 2147483647;
			files = (
				07EBE9432A43CD0B00048626 /* Preview Assets.xcassets in Resources */,
				07EBE9402A43CD0B00048626 /* Assets.xcassets in Resources */,
			);
			runOnlyForDeploymentPostprocessing = 0;
		};
		07EBE9472A43CD0C00048626 /* Resources */ = {
			isa = PBXResourcesBuildPhase;
			buildActionMask = 2147483647;
			files = (
			);
			runOnlyForDeploymentPostprocessing = 0;
		};
/* End PBXResourcesBuildPhase section */

/* Begin PBXSourcesBuildPhase section */
		07EBE92E2A43CD0900048626 /* Sources */ = {
			isa = PBXSourcesBuildPhase;
			buildActionMask = 2147483647;
			files = (
				07EBE95A2A43CDC400048626 /* SquareView.swift in Sources */,
				07EBE95E2A43CE5000048626 /* PlayerView.swift in Sources */,
				07EBE95D2A43CE5000048626 /* MultiPlayerApp.swift in Sources */,
				07EBE93A2A43CD0900048626 /* streamingVisionApp.swift in Sources */,
				072701692A477DE4000D512A /* ContentView.swift in Sources */,
				07EBE9622A43CE5900048626 /* ContentViewModel.swift in Sources */,
				07EBE9612A43CE5900048626 /* PlayableItem.swift in Sources */,
			);
			runOnlyForDeploymentPostprocessing = 0;
		};
		07EBE9452A43CD0C00048626 /* Sources */ = {
			isa = PBXSourcesBuildPhase;
			buildActionMask = 2147483647;
			files = (
				07EBE94E2A43CD0C00048626 /* streamingVisionTests.swift in Sources */,
			);
			runOnlyForDeploymentPostprocessing = 0;
		};
/* End PBXSourcesBuildPhase section */

/* Begin PBXTargetDependency section */
		07EBE94B2A43CD0C00048626 /* PBXTargetDependency */ = {
			isa = PBXTargetDependency;
			target = 07EBE9312A43CD0900048626 /* streamingVision */;
			targetProxy = 07EBE94A2A43CD0C00048626 /* PBXContainerItemProxy */;
		};
/* End PBXTargetDependency section */

/* Begin XCBuildConfiguration section */
		07EBE94F2A43CD0C00048626 /* Debug */ = {
			isa = XCBuildConfiguration;
			buildSettings = {
				ALWAYS_SEARCH_USER_PATHS = NO;
				ASSETCATALOG_COMPILER_GENERATE_SWIFT_ASSET_SYMBOL_EXTENSIONS = YES;
				CLANG_ANALYZER_NONNULL = YES;
				CLANG_ANALYZER_NUMBER_OBJECT_CONVERSION = YES_AGGRESSIVE;
				CLANG_CXX_LANGUAGE_STANDARD = "gnu++20";
				CLANG_ENABLE_MODULES = YES;
				CLANG_ENABLE_OBJC_ARC = YES;
				CLANG_ENABLE_OBJC_WEAK = YES;
				CLANG_WARN_BLOCK_CAPTURE_AUTORELEASING = YES;
				CLANG_WARN_BOOL_CONVERSION = YES;
				CLANG_WARN_COMMA = YES;
				CLANG_WARN_CONSTANT_CONVERSION = YES;
				CLANG_WARN_DEPRECATED_OBJC_IMPLEMENTATIONS = YES;
				CLANG_WARN_DIRECT_OBJC_ISA_USAGE = YES_ERROR;
				CLANG_WARN_DOCUMENTATION_COMMENTS = YES;
				CLANG_WARN_EMPTY_BODY = YES;
				CLANG_WARN_ENUM_CONVERSION = YES;
				CLANG_WARN_INFINITE_RECURSION = YES;
				CLANG_WARN_INT_CONVERSION = YES;
				CLANG_WARN_NON_LITERAL_NULL_CONVERSION = YES;
				CLANG_WARN_OBJC_IMPLICIT_RETAIN_SELF = YES;
				CLANG_WARN_OBJC_LITERAL_CONVERSION = YES;
				CLANG_WARN_OBJC_ROOT_CLASS = YES_ERROR;
				CLANG_WARN_QUOTED_INCLUDE_IN_FRAMEWORK_HEADER = YES;
				CLANG_WARN_RANGE_LOOP_ANALYSIS = YES;
				CLANG_WARN_STRICT_PROTOTYPES = YES;
				CLANG_WARN_SUSPICIOUS_MOVE = YES;
				CLANG_WARN_UNGUARDED_AVAILABILITY = YES_AGGRESSIVE;
				CLANG_WARN_UNREACHABLE_CODE = YES;
				CLANG_WARN__DUPLICATE_METHOD_MATCH = YES;
				COPY_PHASE_STRIP = NO;
				DEBUG_INFORMATION_FORMAT = dwarf;
				ENABLE_STRICT_OBJC_MSGSEND = YES;
				ENABLE_TESTABILITY = YES;
				ENABLE_USER_SCRIPT_SANDBOXING = YES;
				GCC_C_LANGUAGE_STANDARD = gnu17;
				GCC_DYNAMIC_NO_PIC = NO;
				GCC_NO_COMMON_BLOCKS = YES;
				GCC_OPTIMIZATION_LEVEL = 0;
				GCC_PREPROCESSOR_DEFINITIONS = (
					"DEBUG=1",
					"$(inherited)",
				);
				GCC_WARN_64_TO_32_BIT_CONVERSION = YES;
				GCC_WARN_ABOUT_RETURN_TYPE = YES_ERROR;
				GCC_WARN_UNDECLARED_SELECTOR = YES;
				GCC_WARN_UNINITIALIZED_AUTOS = YES_AGGRESSIVE;
				GCC_WARN_UNUSED_FUNCTION = YES;
				GCC_WARN_UNUSED_VARIABLE = YES;
				LOCALIZATION_PREFERS_STRING_CATALOGS = YES;
				MTL_ENABLE_DEBUG_INFO = INCLUDE_SOURCE;
				MTL_FAST_MATH = YES;
				ONLY_ACTIVE_ARCH = YES;
				SDKROOT = xros;
				SWIFT_ACTIVE_COMPILATION_CONDITIONS = "DEBUG $(inherited)";
				SWIFT_OPTIMIZATION_LEVEL = "-Onone";
				XROS_DEPLOYMENT_TARGET = 1.0;
			};
			name = Debug;
		};
		07EBE9502A43CD0C00048626 /* Release */ = {
			isa = XCBuildConfiguration;
			buildSettings = {
				ALWAYS_SEARCH_USER_PATHS = NO;
				ASSETCATALOG_COMPILER_GENERATE_SWIFT_ASSET_SYMBOL_EXTENSIONS = YES;
				CLANG_ANALYZER_NONNULL = YES;
				CLANG_ANALYZER_NUMBER_OBJECT_CONVERSION = YES_AGGRESSIVE;
				CLANG_CXX_LANGUAGE_STANDARD = "gnu++20";
				CLANG_ENABLE_MODULES = YES;
				CLANG_ENABLE_OBJC_ARC = YES;
				CLANG_ENABLE_OBJC_WEAK = YES;
				CLANG_WARN_BLOCK_CAPTURE_AUTORELEASING = YES;
				CLANG_WARN_BOOL_CONVERSION = YES;
				CLANG_WARN_COMMA = YES;
				CLANG_WARN_CONSTANT_CONVERSION = YES;
				CLANG_WARN_DEPRECATED_OBJC_IMPLEMENTATIONS = YES;
				CLANG_WARN_DIRECT_OBJC_ISA_USAGE = YES_ERROR;
				CLANG_WARN_DOCUMENTATION_COMMENTS = YES;
				CLANG_WARN_EMPTY_BODY = YES;
				CLANG_WARN_ENUM_CONVERSION = YES;
				CLANG_WARN_INFINITE_RECURSION = YES;
				CLANG_WARN_INT_CONVERSION = YES;
				CLANG_WARN_NON_LITERAL_NULL_CONVERSION = YES;
				CLANG_WARN_OBJC_IMPLICIT_RETAIN_SELF = YES;
				CLANG_WARN_OBJC_LITERAL_CONVERSION = YES;
				CLANG_WARN_OBJC_ROOT_CLASS = YES_ERROR;
				CLANG_WARN_QUOTED_INCLUDE_IN_FRAMEWORK_HEADER = YES;
				CLANG_WARN_RANGE_LOOP_ANALYSIS = YES;
				CLANG_WARN_STRICT_PROTOTYPES = YES;
				CLANG_WARN_SUSPICIOUS_MOVE = YES;
				CLANG_WARN_UNGUARDED_AVAILABILITY = YES_AGGRESSIVE;
				CLANG_WARN_UNREACHABLE_CODE = YES;
				CLANG_WARN__DUPLICATE_METHOD_MATCH = YES;
				COPY_PHASE_STRIP = NO;
				DEBUG_INFORMATION_FORMAT = "dwarf-with-dsym";
				ENABLE_NS_ASSERTIONS = NO;
				ENABLE_STRICT_OBJC_MSGSEND = YES;
				ENABLE_USER_SCRIPT_SANDBOXING = YES;
				GCC_C_LANGUAGE_STANDARD = gnu17;
				GCC_NO_COMMON_BLOCKS = YES;
				GCC_WARN_64_TO_32_BIT_CONVERSION = YES;
				GCC_WARN_ABOUT_RETURN_TYPE = YES_ERROR;
				GCC_WARN_UNDECLARED_SELECTOR = YES;
				GCC_WARN_UNINITIALIZED_AUTOS = YES_AGGRESSIVE;
				GCC_WARN_UNUSED_FUNCTION = YES;
				GCC_WARN_UNUSED_VARIABLE = YES;
				LOCALIZATION_PREFERS_STRING_CATALOGS = YES;
				MTL_ENABLE_DEBUG_INFO = NO;
				MTL_FAST_MATH = YES;
				SDKROOT = xros;
				SWIFT_COMPILATION_MODE = wholemodule;
				VALIDATE_PRODUCT = YES;
				XROS_DEPLOYMENT_TARGET = 1.0;
			};
			name = Release;
		};
		07EBE9522A43CD0C00048626 /* Debug */ = {
			isa = XCBuildConfiguration;
			buildSettings = {
				ASSETCATALOG_COMPILER_APPICON_NAME = AppIcon;
				ASSETCATALOG_COMPILER_GLOBAL_ACCENT_COLOR_NAME = AccentColor;
				CODE_SIGN_STYLE = Automatic;
				CURRENT_PROJECT_VERSION = 1;
				DEVELOPMENT_ASSET_PATHS = "\"streamingVision/Preview Content\"";
				DEVELOPMENT_TEAM = JN6SRFFEJW;
				ENABLE_PREVIEWS = YES;
				GENERATE_INFOPLIST_FILE = YES;
				INFOPLIST_FILE = streamingVision/Info.plist;
				INFOPLIST_KEY_UIApplicationSceneManifest_Generation = YES;
				LD_RUNPATH_SEARCH_PATHS = (
					"$(inherited)",
					"@executable_path/Frameworks",
				);
				MARKETING_VERSION = 1.0;
				PRODUCT_BUNDLE_IDENTIFIER = test.streamingVision;
				PRODUCT_NAME = "$(TARGET_NAME)";
				SUPPORTED_PLATFORMS = "xros xrsimulator";
				SWIFT_EMIT_LOC_STRINGS = YES;
				SWIFT_VERSION = 5.0;
				TARGETED_DEVICE_FAMILY = "1,2,7";
			};
			name = Debug;
		};
		07EBE9532A43CD0C00048626 /* Release */ = {
			isa = XCBuildConfiguration;
			buildSettings = {
				ASSETCATALOG_COMPILER_APPICON_NAME = AppIcon;
				ASSETCATALOG_COMPILER_GLOBAL_ACCENT_COLOR_NAME = AccentColor;
				CODE_SIGN_STYLE = Automatic;
				CURRENT_PROJECT_VERSION = 1;
				DEVELOPMENT_ASSET_PATHS = "\"streamingVision/Preview Content\"";
				DEVELOPMENT_TEAM = JN6SRFFEJW;
				ENABLE_PREVIEWS = YES;
				GENERATE_INFOPLIST_FILE = YES;
				INFOPLIST_FILE = streamingVision/Info.plist;
				INFOPLIST_KEY_UIApplicationSceneManifest_Generation = YES;
				LD_RUNPATH_SEARCH_PATHS = (
					"$(inherited)",
					"@executable_path/Frameworks",
				);
				MARKETING_VERSION = 1.0;
				PRODUCT_BUNDLE_IDENTIFIER = test.streamingVision;
				PRODUCT_NAME = "$(TARGET_NAME)";
				SUPPORTED_PLATFORMS = "xros xrsimulator";
				SWIFT_EMIT_LOC_STRINGS = YES;
				SWIFT_VERSION = 5.0;
				TARGETED_DEVICE_FAMILY = "1,2,7";
			};
			name = Release;
		};
		07EBE9552A43CD0C00048626 /* Debug */ = {
			isa = XCBuildConfiguration;
			buildSettings = {
				ALWAYS_EMBED_SWIFT_STANDARD_LIBRARIES = YES;
				BUNDLE_LOADER = "$(TEST_HOST)";
				CODE_SIGN_STYLE = Automatic;
				CURRENT_PROJECT_VERSION = 1;
				DEVELOPMENT_TEAM = JN6SRFFEJW;
				GENERATE_INFOPLIST_FILE = YES;
				MARKETING_VERSION = 1.0;
				PRODUCT_BUNDLE_IDENTIFIER = test.streamingVisionTests;
				PRODUCT_NAME = "$(TARGET_NAME)";
				SUPPORTED_PLATFORMS = "xros xrsimulator";
				SWIFT_EMIT_LOC_STRINGS = NO;
				SWIFT_VERSION = 5.0;
				TARGETED_DEVICE_FAMILY = "1,2,7";
				TEST_HOST = "$(BUILT_PRODUCTS_DIR)/streamingVision.app/$(BUNDLE_EXECUTABLE_FOLDER_PATH)/streamingVision";
				XROS_DEPLOYMENT_TARGET = 1.0;
			};
			name = Debug;
		};
		07EBE9562A43CD0C00048626 /* Release */ = {
			isa = XCBuildConfiguration;
			buildSettings = {
				ALWAYS_EMBED_SWIFT_STANDARD_LIBRARIES = YES;
				BUNDLE_LOADER = "$(TEST_HOST)";
				CODE_SIGN_STYLE = Automatic;
				CURRENT_PROJECT_VERSION = 1;
				DEVELOPMENT_TEAM = JN6SRFFEJW;
				GENERATE_INFOPLIST_FILE = YES;
				MARKETING_VERSION = 1.0;
				PRODUCT_BUNDLE_IDENTIFIER = test.streamingVisionTests;
				PRODUCT_NAME = "$(TARGET_NAME)";
				SUPPORTED_PLATFORMS = "xros xrsimulator";
				SWIFT_EMIT_LOC_STRINGS = NO;
				SWIFT_VERSION = 5.0;
				TARGETED_DEVICE_FAMILY = "1,2,7";
				TEST_HOST = "$(BUILT_PRODUCTS_DIR)/streamingVision.app/$(BUNDLE_EXECUTABLE_FOLDER_PATH)/streamingVision";
				XROS_DEPLOYMENT_TARGET = 1.0;
			};
			name = Release;
		};
/* End XCBuildConfiguration section */

/* Begin XCConfigurationList section */
		07EBE92D2A43CD0900048626 /* Build configuration list for PBXProject "streamingVision" */ = {
			isa = XCConfigurationList;
			buildConfigurations = (
				07EBE94F2A43CD0C00048626 /* Debug */,
				07EBE9502A43CD0C00048626 /* Release */,
			);
			defaultConfigurationIsVisible = 0;
			defaultConfigurationName = Release;
		};
		07EBE9512A43CD0C00048626 /* Build configuration list for PBXNativeTarget "streamingVision" */ = {
			isa = XCConfigurationList;
			buildConfigurations = (
				07EBE9522A43CD0C00048626 /* Debug */,
				07EBE9532A43CD0C00048626 /* Release */,
			);
			defaultConfigurationIsVisible = 0;
			defaultConfigurationName = Release;
		};
		07EBE9542A43CD0C00048626 /* Build configuration list for PBXNativeTarget "streamingVisionTests" */ = {
			isa = XCConfigurationList;
			buildConfigurations = (
				07EBE9552A43CD0C00048626 /* Debug */,
				07EBE9562A43CD0C00048626 /* Release */,
			);
			defaultConfigurationIsVisible = 0;
			defaultConfigurationName = Release;
		};
/* End XCConfigurationList section */

/* Begin XCSwiftPackageProductDependency section */
		07EBE9372A43CD0900048626 /* RealityKitContent */ = {
			isa = XCSwiftPackageProductDependency;
			productName = RealityKitContent;
		};
/* End XCSwiftPackageProductDependency section */
	};
	rootObject = 07EBE92A2A43CD0900048626 /* Project object */;
}
